
Microsoft Visual Studio Solution File, Format Version 12.00
# Visual Studio Version 17
VisualStudioVersion = 17.10.34928.147
MinimumVisualStudioVersion = 10.0.40219.1
Project("{8BC9CEB8-8B4A-11D0-8D11-00A0C91BC942}") = "test_3", "test_3.vcxproj", "{D53EF625-A332-4F71-9B32-F3E017DE3286}"
EndProject
Global
	GlobalSection(SolutionConfigurationPlatforms) = preSolution
		Debug|x64 = Debug|x64
		Debug|x86 = Debug|x86
		Release|x64 = Release|x64
		Release|x86 = Release|x86
	EndGlobalSection
	GlobalSection(ProjectConfigurationPlatforms) = postSolution
		{D53EF625-A332-4F71-9B32-F3E017DE3286}.Debug|x64.ActiveCfg = Debug|x64
		{D53EF625-A332-4F71-9B32-F3E017DE3286}.Debug|x64.Build.0 = Debug|x64
		{D53EF625-A332-4F71-9B32-F3E017DE3286}.Debug|x86.ActiveCfg = Debug|Win32
		{D53EF625-A332-4F71-9B32-F3E017DE3286}.Debug|x86.Build.0 = Debug|Win32
		{D53EF625-A332-4F71-9B32-F3E017DE3286}.Release|x64.ActiveCfg = Release|x64
		{D53EF625-A332-4F71-9B32-F3E017DE3286}.Release|x64.Build.0 = Release|x64
		{D53EF625-A332-4F71-9B32-F3E017DE3286}.Release|x86.ActiveCfg = Release|Win32
		{D53EF625-A332-4F71-9B32-F3E017DE3286}.Release|x86.Build.0 = Release|Win32
	EndGlobalSection
	GlobalSection(SolutionProperties) = preSolution
		HideSolutionNode = FALSE
	EndGlobalSection
	GlobalSection(ExtensibilityGlobals) = postSolution
		SolutionGuid = {8FACC4B7-E9BA-4FF9-9B6E-2D03F569E2C3}
	EndGlobalSection
EndGlobal
